
Microsoft Visual Studio Solution File, Format Version 12.00
# Visual Studio 2013
VisualStudioVersion = 12.0.30723.0
MinimumVisualStudioVersion = 10.0.40219.1
Project("{FAE04EC0-301F-11D3-BF4B-00C04F79EFBC}") = "AmazingCloudSearch", "AmazingCloudSearch.csproj", "{83228930-5000-4D7D-9C26-86DFEC265229}"
EndProject
Project("{FAE04EC0-301F-11D3-BF4B-00C04F79EFBC}") = "TestConsole", "..\TestConsole\TestConsole.csproj", "{00A8A8F4-0163-4184-9C47-60DE6024DA85}"
EndProject
Project("{FAE04EC0-301F-11D3-BF4B-00C04F79EFBC}") = "WebApplication1", "..\WebApplication1\WebApplication1.csproj", "{96A4CFF3-95EB-40B8-982A-DA9707F5E00C}"
EndProject
Global
	GlobalSection(SolutionConfigurationPlatforms) = preSolution
		Debug|Any CPU = Debug|Any CPU
		Debug|Mixed Platforms = Debug|Mixed Platforms
		Debug|x86 = Debug|x86
		Release|Any CPU = Release|Any CPU
		Release|Mixed Platforms = Release|Mixed Platforms
		Release|x86 = Release|x86
	EndGlobalSection
	GlobalSection(ProjectConfigurationPlatforms) = postSolution
		{83228930-5000-4D7D-9C26-86DFEC265229}.Debug|Any CPU.ActiveCfg = Debug|Any CPU
		{83228930-5000-4D7D-9C26-86DFEC265229}.Debug|Any CPU.Build.0 = Debug|Any CPU
		{83228930-5000-4D7D-9C26-86DFEC265229}.Debug|Mixed Platforms.ActiveCfg = Debug|Any CPU
		{83228930-5000-4D7D-9C26-86DFEC265229}.Debug|Mixed Platforms.Build.0 = Debug|Any CPU
		{83228930-5000-4D7D-9C26-86DFEC265229}.Debug|x86.ActiveCfg = Debug|Any CPU
		{83228930-5000-4D7D-9C26-86DFEC265229}.Release|Any CPU.ActiveCfg = Release|Any CPU
		{83228930-5000-4D7D-9C26-86DFEC265229}.Release|Any CPU.Build.0 = Release|Any CPU
		{83228930-5000-4D7D-9C26-86DFEC265229}.Release|Mixed Platforms.ActiveCfg = Release|Any CPU
		{83228930-5000-4D7D-9C26-86DFEC265229}.Release|Mixed Platforms.Build.0 = Release|Any CPU
		{83228930-5000-4D7D-9C26-86DFEC265229}.Release|x86.ActiveCfg = Release|Any CPU
		{00A8A8F4-0163-4184-9C47-60DE6024DA85}.Debug|Any CPU.ActiveCfg = Debug|x86
		{00A8A8F4-0163-4184-9C47-60DE6024DA85}.Debug|Mixed Platforms.ActiveCfg = Debug|x86
		{00A8A8F4-0163-4184-9C47-60DE6024DA85}.Debug|Mixed Platforms.Build.0 = Debug|x86
		{00A8A8F4-0163-4184-9C47-60DE6024DA85}.Debug|x86.ActiveCfg = Debug|x86
		{00A8A8F4-0163-4184-9C47-60DE6024DA85}.Debug|x86.Build.0 = Debug|x86
		{00A8A8F4-0163-4184-9C47-60DE6024DA85}.Release|Any CPU.ActiveCfg = Release|x86
		{00A8A8F4-0163-4184-9C47-60DE6024DA85}.Release|Mixed Platforms.ActiveCfg = Release|x86
		{00A8A8F4-0163-4184-9C47-60DE6024DA85}.Release|Mixed Platforms.Build.0 = Release|x86
		{00A8A8F4-0163-4184-9C47-60DE6024DA85}.Release|x86.ActiveCfg = Release|x86
		{00A8A8F4-0163-4184-9C47-60DE6024DA85}.Release|x86.Build.0 = Release|x86
		{96A4CFF3-95EB-40B8-982A-DA9707F5E00C}.Debug|Any CPU.ActiveCfg = Debug|Any CPU
		{96A4CFF3-95EB-40B8-982A-DA9707F5E00C}.Debug|Any CPU.Build.0 = Debug|Any CPU
		{96A4CFF3-95EB-40B8-982A-DA9707F5E00C}.Debug|Mixed Platforms.ActiveCfg = Debug|Any CPU
		{96A4CFF3-95EB-40B8-982A-DA9707F5E00C}.Debug|Mixed Platforms.Build.0 = Debug|Any CPU
		{96A4CFF3-95EB-40B8-982A-DA9707F5E00C}.Debug|x86.ActiveCfg = Debug|Any CPU
		{96A4CFF3-95EB-40B8-982A-DA9707F5E00C}.Release|Any CPU.ActiveCfg = Release|Any CPU
		{96A4CFF3-95EB-40B8-982A-DA9707F5E00C}.Release|Any CPU.Build.0 = Release|Any CPU
		{96A4CFF3-95EB-40B8-982A-DA9707F5E00C}.Release|Mixed Platforms.ActiveCfg = Release|Any CPU
		{96A4CFF3-95EB-40B8-982A-DA9707F5E00C}.Release|Mixed Platforms.Build.0 = Release|Any CPU
		{96A4CFF3-95EB-40B8-982A-DA9707F5E00C}.Release|x86.ActiveCfg = Release|Any CPU
	EndGlobalSection
	GlobalSection(SolutionProperties) = preSolution
		HideSolutionNode = FALSE
	EndGlobalSection
EndGlobal
